// !$*UTF8*$!
{
	archiveVersion = 1;
	classes = {
	};
	objectVersion = 46;
	objects = {

/* Begin PBXBuildFile section */
		9108D4F61DC59A8200EF6250 /* AppDelegate.swift in Sources */ = {isa = PBXBuildFile; fileRef = 9108D4F51DC59A8200EF6250 /* AppDelegate.swift */; };
		9108D4F81DC59A8200EF6250 /* ViewController.swift in Sources */ = {isa = PBXBuildFile; fileRef = 9108D4F71DC59A8200EF6250 /* ViewController.swift */; };
		9108D4FB1DC59A8200EF6250 /* Main.storyboard in Resources */ = {isa = PBXBuildFile; fileRef = 9108D4F91DC59A8200EF6250 /* Main.storyboard */; };
		9108D4FE1DC59A8200EF6250 /* Santa_Barbara_Bus.xcdatamodeld in Sources */ = {isa = PBXBuildFile; fileRef = 9108D4FC1DC59A8200EF6250 /* Santa_Barbara_Bus.xcdatamodeld */; };
		9108D5001DC59A8200EF6250 /* Assets.xcassets in Resources */ = {isa = PBXBuildFile; fileRef = 9108D4FF1DC59A8200EF6250 /* Assets.xcassets */; };
		9108D5031DC59A8200EF6250 /* LaunchScreen.storyboard in Resources */ = {isa = PBXBuildFile; fileRef = 9108D5011DC59A8200EF6250 /* LaunchScreen.storyboard */; };
		9108D50B1DC59D0D00EF6250 /* BusDeparturesTableViewController.swift in Sources */ = {isa = PBXBuildFile; fileRef = 9108D50A1DC59D0D00EF6250 /* BusDeparturesTableViewController.swift */; };
		9108D50D1DC5A2CF00EF6250 /* NetworkManager.swift in Sources */ = {isa = PBXBuildFile; fileRef = 9108D50C1DC5A2CF00EF6250 /* NetworkManager.swift */; };
		9108D50F1DC5CBCA00EF6250 /* HTML.swift in Sources */ = {isa = PBXBuildFile; fileRef = 9108D50E1DC5CBCA00EF6250 /* HTML.swift */; };
/* End PBXBuildFile section */

/* Begin PBXFileReference section */
		9108D4F21DC59A8200EF6250 /* Santa Barbara Bus.app */ = {isa = PBXFileReference; explicitFileType = wrapper.application; includeInIndex = 0; path = "Santa Barbara Bus.app"; sourceTree = BUILT_PRODUCTS_DIR; };
		9108D4F51DC59A8200EF6250 /* AppDelegate.swift */ = {isa = PBXFileReference; lastKnownFileType = sourcecode.swift; path = AppDelegate.swift; sourceTree = "<group>"; };
		9108D4F71DC59A8200EF6250 /* ViewController.swift */ = {isa = PBXFileReference; lastKnownFileType = sourcecode.swift; path = ViewController.swift; sourceTree = "<group>"; };
		9108D4FA1DC59A8200EF6250 /* Base */ = {isa = PBXFileReference; lastKnownFileType = file.storyboard; name = Base; path = Base.lproj/Main.storyboard; sourceTree = "<group>"; };
		9108D4FD1DC59A8200EF6250 /* Santa_Barbara_Bus.xcdatamodel */ = {isa = PBXFileReference; lastKnownFileType = wrapper.xcdatamodel; path = Santa_Barbara_Bus.xcdatamodel; sourceTree = "<group>"; };
		9108D4FF1DC59A8200EF6250 /* Assets.xcassets */ = {isa = PBXFileReference; lastKnownFileType = folder.assetcatalog; path = Assets.xcassets; sourceTree = "<group>"; };
		9108D5021DC59A8200EF6250 /* Base */ = {isa = PBXFileReference; lastKnownFileType = file.storyboard; name = Base; path = Base.lproj/LaunchScreen.storyboard; sourceTree = "<group>"; };
		9108D5041DC59A8200EF6250 /* Info.plist */ = {isa = PBXFileReference; lastKnownFileType = text.plist.xml; path = Info.plist; sourceTree = "<group>"; };
		9108D50A1DC59D0D00EF6250 /* BusDeparturesTableViewController.swift */ = {isa = PBXFileReference; fileEncoding = 4; lastKnownFileType = sourcecode.swift; path = BusDeparturesTableViewController.swift; sourceTree = "<group>"; };
		9108D50C1DC5A2CF00EF6250 /* NetworkManager.swift */ = {isa = PBXFileReference; fileEncoding = 4; lastKnownFileType = sourcecode.swift; path = NetworkManager.swift; sourceTree = "<group>"; };
		9108D50E1DC5CBCA00EF6250 /* HTML.swift */ = {isa = PBXFileReference; fileEncoding = 4; lastKnownFileType = sourcecode.swift; name = HTML.swift; path = ../HTML.swift; sourceTree = "<group>"; };
/* End PBXFileReference section */

/* Begin PBXFrameworksBuildPhase section */
		9108D4EF1DC59A8200EF6250 /* Frameworks */ = {
			isa = PBXFrameworksBuildPhase;
			buildActionMask = 2147483647;
			files = (
			);
			runOnlyForDeploymentPostprocessing = 0;
		};
/* End PBXFrameworksBuildPhase section */

/* Begin PBXGroup section */
		9108D4E91DC59A8200EF6250 = {
			isa = PBXGroup;
			children = (
				9108D4F41DC59A8200EF6250 /* Santa Barbara Bus */,
				9108D4F31DC59A8200EF6250 /* Products */,
			);
			sourceTree = "<group>";
		};
		9108D4F31DC59A8200EF6250 /* Products */ = {
			isa = PBXGroup;
			children = (
				9108D4F21DC59A8200EF6250 /* Santa Barbara Bus.app */,
			);
			name = Products;
			sourceTree = "<group>";
		};
		9108D4F41DC59A8200EF6250 /* Santa Barbara Bus */ = {
			isa = PBXGroup;
			children = (
				9108D50E1DC5CBCA00EF6250 /* HTML.swift */,
				9108D4F51DC59A8200EF6250 /* AppDelegate.swift */,
				9108D4F71DC59A8200EF6250 /* ViewController.swift */,
				9108D4F91DC59A8200EF6250 /* Main.storyboard */,
				9108D50C1DC5A2CF00EF6250 /* NetworkManager.swift */,
				9108D50A1DC59D0D00EF6250 /* BusDeparturesTableViewController.swift */,
				9108D4FF1DC59A8200EF6250 /* Assets.xcassets */,
				9108D5011DC59A8200EF6250 /* LaunchScreen.storyboard */,
				9108D5041DC59A8200EF6250 /* Info.plist */,
				9108D4FC1DC59A8200EF6250 /* Santa_Barbara_Bus.xcdatamodeld */,
			);
			path = "Santa Barbara Bus";
			sourceTree = "<group>";
		};
/* End PBXGroup section */

/* Begin PBXNativeTarget section */
		9108D4F11DC59A8200EF6250 /* Santa Barbara Bus */ = {
			isa = PBXNativeTarget;
			buildConfigurationList = 9108D5071DC59A8200EF6250 /* Build configuration list for PBXNativeTarget "Santa Barbara Bus" */;
			buildPhases = (
				9108D4EE1DC59A8200EF6250 /* Sources */,
				9108D4EF1DC59A8200EF6250 /* Frameworks */,
				9108D4F01DC59A8200EF6250 /* Resources */,
			);
			buildRules = (
			);
			dependencies = (
			);
			name = "Santa Barbara Bus";
			productName = "Santa Barbara Bus";
			productReference = 9108D4F21DC59A8200EF6250 /* Santa Barbara Bus.app */;
			productType = "com.apple.product-type.application";
		};
/* End PBXNativeTarget section */

/* Begin PBXProject section */
		9108D4EA1DC59A8200EF6250 /* Project object */ = {
			isa = PBXProject;
			attributes = {
				LastSwiftUpdateCheck = 0810;
				LastUpgradeCheck = 0810;
				ORGANIZATIONNAME = "Bjarte Sjursen";
				TargetAttributes = {
					9108D4F11DC59A8200EF6250 = {
						CreatedOnToolsVersion = 8.1;
						DevelopmentTeam = 8MQNRSRR58;
						ProvisioningStyle = Automatic;
					};
				};
			};
			buildConfigurationList = 9108D4ED1DC59A8200EF6250 /* Build configuration list for PBXProject "Santa Barbara Bus" */;
			compatibilityVersion = "Xcode 3.2";
			developmentRegion = English;
			hasScannedForEncodings = 0;
			knownRegions = (
				en,
				Base,
			);
			mainGroup = 9108D4E91DC59A8200EF6250;
			productRefGroup = 9108D4F31DC59A8200EF6250 /* Products */;
			projectDirPath = "";
			projectRoot = "";
			targets = (
				9108D4F11DC59A8200EF6250 /* Santa Barbara Bus */,
			);
		};
/* End PBXProject section */

/* Begin PBXResourcesBuildPhase section */
		9108D4F01DC59A8200EF6250 /* Resources */ = {
			isa = PBXResourcesBuildPhase;
			buildActionMask = 2147483647;
			files = (
				9108D5031DC59A8200EF6250 /* LaunchScreen.storyboard in Resources */,
				9108D5001DC59A8200EF6250 /* Assets.xcassets in Resources */,
				9108D4FB1DC59A8200EF6250 /* Main.storyboard in Resources */,
			);
			runOnlyForDeploymentPostprocessing = 0;
		};
/* End PBXResourcesBuildPhase section */

/* Begin PBXSourcesBuildPhase section */
		9108D4EE1DC59A8200EF6250 /* Sources */ = {
			isa = PBXSourcesBuildPhase;
			buildActionMask = 2147483647;
			files = (
				9108D4FE1DC59A8200EF6250 /* Santa_Barbara_Bus.xcdatamodeld in Sources */,
				9108D50B1DC59D0D00EF6250 /* BusDeparturesTableViewController.swift in Sources */,
				9108D50D1DC5A2CF00EF6250 /* NetworkManager.swift in Sources */,
				9108D50F1DC5CBCA00EF6250 /* HTML.swift in Sources */,
				9108D4F81DC59A8200EF6250 /* ViewController.swift in Sources */,
				9108D4F61DC59A8200EF6250 /* AppDelegate.swift in Sources */,
			);
			runOnlyForDeploymentPostprocessing = 0;
		};
/* End PBXSourcesBuildPhase section */

/* Begin PBXVariantGroup section */
		9108D4F91DC59A8200EF6250 /* Main.storyboard */ = {
			isa = PBXVariantGroup;
			children = (
				9108D4FA1DC59A8200EF6250 /* Base */,
			);
			name = Main.storyboard;
			sourceTree = "<group>";
		};
		9108D5011DC59A8200EF6250 /* LaunchScreen.storyboard */ = {
			isa = PBXVariantGroup;
			children = (
				9108D5021DC59A8200EF6250 /* Base */,
			);
			name = LaunchScreen.storyboard;
			sourceTree = "<group>";
		};
/* End PBXVariantGroup section */

/* Begin XCBuildConfiguration section */
		9108D5051DC59A8200EF6250 /* Debug */ = {
			isa = XCBuildConfiguration;
			buildSettings = {
				ALWAYS_SEARCH_USER_PATHS = NO;
				CLANG_ANALYZER_NONNULL = YES;
				CLANG_CXX_LANGUAGE_STANDARD = "gnu++0x";
				CLANG_CXX_LIBRARY = "libc++";
				CLANG_ENABLE_MODULES = YES;
				CLANG_ENABLE_OBJC_ARC = YES;
				CLANG_WARN_BOOL_CONVERSION = YES;
				CLANG_WARN_CONSTANT_CONVERSION = YES;
				CLANG_WARN_DIRECT_OBJC_ISA_USAGE = YES_ERROR;
				CLANG_WARN_DOCUMENTATION_COMMENTS = YES;
				CLANG_WARN_EMPTY_BODY = YES;
				CLANG_WARN_ENUM_CONVERSION = YES;
				CLANG_WARN_INFINITE_RECURSION = YES;
				CLANG_WARN_INT_CONVERSION = YES;
				CLANG_WARN_OBJC_ROOT_CLASS = YES_ERROR;
				CLANG_WARN_SUSPICIOUS_MOVES = YES;
				CLANG_WARN_UNREACHABLE_CODE = YES;
				CLANG_WARN__DUPLICATE_METHOD_MATCH = YES;
				"CODE_SIGN_IDENTITY[sdk=iphoneos*]" = "iPhone Developer";
				COPY_PHASE_STRIP = NO;
				DEBUG_INFORMATION_FORMAT = dwarf;
				ENABLE_STRICT_OBJC_MSGSEND = YES;
				ENABLE_TESTABILITY = YES;
				GCC_C_LANGUAGE_STANDARD = gnu99;
				GCC_DYNAMIC_NO_PIC = NO;
				GCC_NO_COMMON_BLOCKS = YES;
				GCC_OPTIMIZATION_LEVEL = 0;
				GCC_PREPROCESSOR_DEFINITIONS = (
					"DEBUG=1",
					"$(inherited)",
				);
				GCC_WARN_64_TO_32_BIT_CONVERSION = YES;
				GCC_WARN_ABOUT_RETURN_TYPE = YES_ERROR;
				GCC_WARN_UNDECLARED_SELECTOR = YES;
				GCC_WARN_UNINITIALIZED_AUTOS = YES_AGGRESSIVE;
				GCC_WARN_UNUSED_FUNCTION = YES;
				GCC_WARN_UNUSED_VARIABLE = YES;
				IPHONEOS_DEPLOYMENT_TARGET = 10.1;
				MTL_ENABLE_DEBUG_INFO = YES;
				ONLY_ACTIVE_ARCH = YES;
				SDKROOT = iphoneos;
				SWIFT_ACTIVE_COMPILATION_CONDITIONS = DEBUG;
				SWIFT_OPTIMIZATION_LEVEL = "-Onone";
			};
			name = Debug;
		};
		9108D5061DC59A8200EF6250 /* Release */ = {
			isa = XCBuildConfiguration;
			buildSettings = {
				ALWAYS_SEARCH_USER_PATHS = NO;
				CLANG_ANALYZER_NONNULL = YES;
				CLANG_CXX_LANGUAGE_STANDARD = "gnu++0x";
				CLANG_CXX_LIBRARY = "libc++";
				CLANG_ENABLE_MODULES = YES;
				CLANG_ENABLE_OBJC_ARC = YES;
				CLANG_WARN_BOOL_CONVERSION = YES;
				CLANG_WARN_CONSTANT_CONVERSION = YES;
				CLANG_WARN_DIRECT_OBJC_ISA_USAGE = YES_ERROR;
				CLANG_WARN_DOCUMENTATION_COMMENTS = YES;
				CLANG_WARN_EMPTY_BODY = YES;
				CLANG_WARN_ENUM_CONVERSION = YES;
				CLANG_WARN_INFINITE_RECURSION = YES;
				CLANG_WARN_INT_CONVERSION = YES;
				CLANG_WARN_OBJC_ROOT_CLASS = YES_ERROR;
				CLANG_WARN_SUSPICIOUS_MOVES = YES;
				CLANG_WARN_UNREACHABLE_CODE = YES;
				CLANG_WARN__DUPLICATE_METHOD_MATCH = YES;
				"CODE_SIGN_IDENTITY[sdk=iphoneos*]" = "iPhone Developer";
				COPY_PHASE_STRIP = NO;
				DEBUG_INFORMATION_FORMAT = "dwarf-with-dsym";
				ENABLE_NS_ASSERTIONS = NO;
				ENABLE_STRICT_OBJC_MSGSEND = YES;
				GCC_C_LANGUAGE_STANDARD = gnu99;
				GCC_NO_COMMON_BLOCKS = YES;
				GCC_WARN_64_TO_32_BIT_CONVERSION = YES;
				GCC_WARN_ABOUT_RETURN_TYPE = YES_ERROR;
				GCC_WARN_UNDECLARED_SELECTOR = YES;
				GCC_WARN_UNINITIALIZED_AUTOS = YES_AGGRESSIVE;
				GCC_WARN_UNUSED_FUNCTION = YES;
				GCC_WARN_UNUSED_VARIABLE = YES;
				IPHONEOS_DEPLOYMENT_TARGET = 10.1;
				MTL_ENABLE_DEBUG_INFO = NO;
				SDKROOT = iphoneos;
				SWIFT_OPTIMIZATION_LEVEL = "-Owholemodule";
				VALIDATE_PRODUCT = YES;
			};
			name = Release;
		};
		9108D5081DC59A8200EF6250 /* Debug */ = {
			isa = XCBuildConfiguration;
			buildSettings = {
				ASSETCATALOG_COMPILER_APPICON_NAME = AppIcon;
				DEVELOPMENT_TEAM = 8MQNRSRR58;
				INFOPLIST_FILE = "Santa Barbara Bus/Info.plist";
				LD_RUNPATH_SEARCH_PATHS = "$(inherited) @executable_path/Frameworks";
				PRODUCT_BUNDLE_IDENTIFIER = "Sjursen-Software.Santa-Barbara-Bus";
				PRODUCT_NAME = "$(TARGET_NAME)";
				SWIFT_VERSION = 3.0;
			};
			name = Debug;
		};
		9108D5091DC59A8200EF6250 /* Release */ = {
			isa = XCBuildConfiguration;
			buildSettings = {
				ASSETCATALOG_COMPILER_APPICON_NAME = AppIcon;
				DEVELOPMENT_TEAM = 8MQNRSRR58;
				INFOPLIST_FILE = "Santa Barbara Bus/Info.plist";
				LD_RUNPATH_SEARCH_PATHS = "$(inherited) @executable_path/Frameworks";
				PRODUCT_BUNDLE_IDENTIFIER = "Sjursen-Software.Santa-Barbara-Bus";
				PRODUCT_NAME = "$(TARGET_NAME)";
				SWIFT_VERSION = 3.0;
			};
			name = Release;
		};
/* End XCBuildConfiguration section */

/* Begin XCConfigurationList section */
		9108D4ED1DC59A8200EF6250 /* Build configuration list for PBXProject "Santa Barbara Bus" */ = {
			isa = XCConfigurationList;
			buildConfigurations = (
				9108D5051DC59A8200EF6250 /* Debug */,
				9108D5061DC59A8200EF6250 /* Release */,
			);
			defaultConfigurationIsVisible = 0;
			defaultConfigurationName = Release;
		};
		9108D5071DC59A8200EF6250 /* Build configuration list for PBXNativeTarget "Santa Barbara Bus" */ = {
			isa = XCConfigurationList;
			buildConfigurations = (
				9108D5081DC59A8200EF6250 /* Debug */,
				9108D5091DC59A8200EF6250 /* Release */,
			);
			defaultConfigurationIsVisible = 0;
			defaultConfigurationName = Release;
		};
/* End XCConfigurationList section */

/* Begin XCVersionGroup section */
		9108D4FC1DC59A8200EF6250 /* Santa_Barbara_Bus.xcdatamodeld */ = {
			isa = XCVersionGroup;
			children = (
				9108D4FD1DC59A8200EF6250 /* Santa_Barbara_Bus.xcdatamodel */,
			);
			currentVersion = 9108D4FD1DC59A8200EF6250 /* Santa_Barbara_Bus.xcdatamodel */;
			path = Santa_Barbara_Bus.xcdatamodeld;
			sourceTree = "<group>";
			versionGroupType = wrapper.xcdatamodel;
		};
/* End XCVersionGroup section */
	};
	rootObject = 9108D4EA1DC59A8200EF6250 /* Project object */;
}
